
Microsoft Visual Studio Solution File, Format Version 12.00
# Visual Studio Version 17
VisualStudioVersion = 17.4.33213.308
MinimumVisualStudioVersion = 10.0.40219.1
Project("{FAE04EC0-301F-11D3-BF4B-00C04F79EFBC}") = "ConsoleGPT", "ConsoleGPT\ConsoleGPT.csproj", "{57A9113E-9EC8-4D41-9DF8-20BD73A14873}"
EndProject
Global
	GlobalSection(SolutionConfigurationPlatforms) = preSolution
		Debug|Any CPU = Debug|Any CPU
		Release|Any CPU = Release|Any CPU
	EndGlobalSection
	GlobalSection(ProjectConfigurationPlatforms) = postSolution
		{57A9113E-9EC8-4D41-9DF8-20BD73A14873}.Debug|Any CPU.ActiveCfg = Debug|Any CPU
		{57A9113E-9EC8-4D41-9DF8-20BD73A14873}.Debug|Any CPU.Build.0 = Debug|Any CPU
		{57A9113E-9EC8-4D41-9DF8-20BD73A14873}.Release|Any CPU.ActiveCfg = Release|Any CPU
		{57A9113E-9EC8-4D41-9DF8-20BD73A14873}.Release|Any CPU.Build.0 = Release|Any CPU
	EndGlobalSection
	GlobalSection(SolutionProperties) = preSolution
		HideSolutionNode = FALSE
	EndGlobalSection
	GlobalSection(ExtensibilityGlobals) = postSolution
		SolutionGuid = {E864CA87-5F4C-4143-BD23-ED8A79955285}
	EndGlobalSection
EndGlobal
